Microsoft Visual Studio Solution File, Format Version 12.00
# Visual Studio Version 17
VisualStudioVersion = 17.13.35931.197
MinimumVisualStudioVersion = 10.0.40219.1
Project("{FAE04EC0-301F-11D3-BF4B-00C04F79EFBC}") = "DashHA", "DashHA\DashHA\DashHA.csproj", "{E1753B12-B71D-440A-8A6E-C3B3A838B3AF}"
EndProject
Project("{FAE04EC0-301F-11D3-BF4B-00C04F79EFBC}") = "DashHA.Client", "DashHA\DashHA.Client\DashHA.Client.csproj", "{65415A51-61F3-4BC8-9B25-75459018A9F7}"
EndProject
Project("{FAE04EC0-301F-11D3-BF4B-00C04F79EFBC}") = "DashHA.Shared", "DashHA.Shared\DashHA.Shared.csproj", "{0E423075-C544-43BE-83E3-6611CEEED2F3}"
EndProject
Global
	GlobalSection(SolutionConfigurationPlatforms) = preSolution
		Debug|Any CPU = Debug|Any CPU
		Release|Any CPU = Release|Any CPU
	EndGlobalSection
	GlobalSection(ProjectConfigurationPlatforms) = postSolution
		{E1753B12-B71D-440A-8A6E-C3B3A838B3AF}.Debug|Any CPU.ActiveCfg = Debug|Any CPU
		{E1753B12-B71D-440A-8A6E-C3B3A838B3AF}.Debug|Any CPU.Build.0 = Debug|Any CPU
		{E1753B12-B71D-440A-8A6E-C3B3A838B3AF}.Release|Any CPU.ActiveCfg = Release|Any CPU
		{E1753B12-B71D-440A-8A6E-C3B3A838B3AF}.Release|Any CPU.Build.0 = Release|Any CPU
		{65415A51-61F3-4BC8-9B25-75459018A9F7}.Debug|Any CPU.ActiveCfg = Debug|Any CPU
		{65415A51-61F3-4BC8-9B25-75459018A9F7}.Debug|Any CPU.Build.0 = Debug|Any CPU
		{65415A51-61F3-4BC8-9B25-75459018A9F7}.Release|Any CPU.ActiveCfg = Release|Any CPU
		{65415A51-61F3-4BC8-9B25-75459018A9F7}.Release|Any CPU.Build.0 = Release|Any CPU
		{0E423075-C544-43BE-83E3-6611CEEED2F3}.Debug|Any CPU.ActiveCfg = Debug|Any CPU
		{0E423075-C544-43BE-83E3-6611CEEED2F3}.Debug|Any CPU.Build.0 = Debug|Any CPU
		{0E423075-C544-43BE-83E3-6611CEEED2F3}.Release|Any CPU.ActiveCfg = Release|Any CPU
		{0E423075-C544-43BE-83E3-6611CEEED2F3}.Release|Any CPU.Build.0 = Release|Any CPU
	EndGlobalSection
	GlobalSection(SolutionProperties) = preSolution
		HideSolutionNode = FALSE
	EndGlobalSection
	GlobalSection(ExtensibilityGlobals) = postSolution
		SolutionGuid = {BD43A2A4-9C38-4859-A730-E7652AFC2D71}
	EndGlobalSection
EndGlobal
